
Microsoft Visual Studio Solution File, Format Version 12.00
# Visual Studio Version 17
VisualStudioVersion = 17.13.35931.197 d17.13
MinimumVisualStudioVersion = 10.0.40219.1
Project("{FAE04EC0-301F-11D3-BF4B-00C04F79EFBC}") = "ParkingMartiAPP", "ParkingMartiAPP\ParkingMartiAPP.csproj", "{83B2C0E6-9D41-4188-8995-0AB9EE9111AE}"
EndProject
Global
	GlobalSection(SolutionConfigurationPlatforms) = preSolution
		Debug|Any CPU = Debug|Any CPU
		Release|Any CPU = Release|Any CPU
	EndGlobalSection
	GlobalSection(ProjectConfigurationPlatforms) = postSolution
		{83B2C0E6-9D41-4188-8995-0AB9EE9111AE}.Debug|Any CPU.ActiveCfg = Debug|Any CPU
		{83B2C0E6-9D41-4188-8995-0AB9EE9111AE}.Debug|Any CPU.Build.0 = Debug|Any CPU
		{83B2C0E6-9D41-4188-8995-0AB9EE9111AE}.Release|Any CPU.ActiveCfg = Release|Any CPU
		{83B2C0E6-9D41-4188-8995-0AB9EE9111AE}.Release|Any CPU.Build.0 = Release|Any CPU
	EndGlobalSection
	GlobalSection(SolutionProperties) = preSolution
		HideSolutionNode = FALSE
	EndGlobalSection
	GlobalSection(ExtensibilityGlobals) = postSolution
		SolutionGuid = {B3D75A83-5349-4101-8E05-6AC4AB559356}
	EndGlobalSection
EndGlobal
